
Microsoft Visual Studio Solution File, Format Version 12.00
# Visual Studio 2017
Project("{FAE04EC0-301F-11D3-BF4B-00C04F79EFBC}") = "Gnome_Nightmare", "Gnome_Nightmare.csproj", "{56E4101F-3E31-5807-A42E-858054BACE6A}"
EndProject
Project("{FAE04EC0-301F-11D3-BF4B-00C04F79EFBC}") = "Gnome_Nightmare.Plugins", "Gnome_Nightmare.Plugins.csproj", "{DB08F816-5FEE-E2D7-3E3F-F654E37BDCF9}"
EndProject
Project("{FAE04EC0-301F-11D3-BF4B-00C04F79EFBC}") = "Gnome_Nightmare.Editor", "Gnome_Nightmare.Editor.csproj", "{C7D76739-0F5D-B2C2-6406-3192EA46AECE}"
EndProject
Project("{FAE04EC0-301F-11D3-BF4B-00C04F79EFBC}") = "Unity.PackageManagerUI.Editor", "Unity.PackageManagerUI.Editor.csproj", "{6877705C-FBD9-0C4F-5AFB-6FB431E5D39D}"
EndProject
Project("{FAE04EC0-301F-11D3-BF4B-00C04F79EFBC}") = "Gnome_Nightmare.Editor.Plugins", "Gnome_Nightmare.Editor.Plugins.csproj", "{86522D2E-A206-6207-C48C-BE365FEAF06D}"
EndProject
Project("{FAE04EC0-301F-11D3-BF4B-00C04F79EFBC}") = "UnityEditor.StandardEvents", "UnityEditor.StandardEvents.csproj", "{6800202F-4402-D405-F8CB-03DC7BD78B92}"
EndProject
Global
	GlobalSection(SolutionConfigurationPlatforms) = preSolution
		Debug|Any CPU = Debug|Any CPU
		Release|Any CPU = Release|Any CPU
	EndGlobalSection
	GlobalSection(ProjectConfigurationPlatforms) = postSolution
		{56E4101F-3E31-5807-A42E-858054BACE6A}.Debug|Any CPU.ActiveCfg = Debug|Any CPU
		{56E4101F-3E31-5807-A42E-858054BACE6A}.Debug|Any CPU.Build.0 = Debug|Any CPU
		{56E4101F-3E31-5807-A42E-858054BACE6A}.Release|Any CPU.ActiveCfg = Release|Any CPU
		{56E4101F-3E31-5807-A42E-858054BACE6A}.Release|Any CPU.Build.0 = Release|Any CPU
		{DB08F816-5FEE-E2D7-3E3F-F654E37BDCF9}.Debug|Any CPU.ActiveCfg = Debug|Any CPU
		{DB08F816-5FEE-E2D7-3E3F-F654E37BDCF9}.Debug|Any CPU.Build.0 = Debug|Any CPU
		{DB08F816-5FEE-E2D7-3E3F-F654E37BDCF9}.Release|Any CPU.ActiveCfg = Release|Any CPU
		{DB08F816-5FEE-E2D7-3E3F-F654E37BDCF9}.Release|Any CPU.Build.0 = Release|Any CPU
		{C7D76739-0F5D-B2C2-6406-3192EA46AECE}.Debug|Any CPU.ActiveCfg = Debug|Any CPU
		{C7D76739-0F5D-B2C2-6406-3192EA46AECE}.Debug|Any CPU.Build.0 = Debug|Any CPU
		{C7D76739-0F5D-B2C2-6406-3192EA46AECE}.Release|Any CPU.ActiveCfg = Release|Any CPU
		{C7D76739-0F5D-B2C2-6406-3192EA46AECE}.Release|Any CPU.Build.0 = Release|Any CPU
		{6877705C-FBD9-0C4F-5AFB-6FB431E5D39D}.Debug|Any CPU.ActiveCfg = Debug|Any CPU
		{6877705C-FBD9-0C4F-5AFB-6FB431E5D39D}.Debug|Any CPU.Build.0 = Debug|Any CPU
		{6877705C-FBD9-0C4F-5AFB-6FB431E5D39D}.Release|Any CPU.ActiveCfg = Release|Any CPU
		{6877705C-FBD9-0C4F-5AFB-6FB431E5D39D}.Release|Any CPU.Build.0 = Release|Any CPU
		{86522D2E-A206-6207-C48C-BE365FEAF06D}.Debug|Any CPU.ActiveCfg = Debug|Any CPU
		{86522D2E-A206-6207-C48C-BE365FEAF06D}.Debug|Any CPU.Build.0 = Debug|Any CPU
		{86522D2E-A206-6207-C48C-BE365FEAF06D}.Release|Any CPU.ActiveCfg = Release|Any CPU
		{86522D2E-A206-6207-C48C-BE365FEAF06D}.Release|Any CPU.Build.0 = Release|Any CPU
		{6800202F-4402-D405-F8CB-03DC7BD78B92}.Debug|Any CPU.ActiveCfg = Debug|Any CPU
		{6800202F-4402-D405-F8CB-03DC7BD78B92}.Debug|Any CPU.Build.0 = Debug|Any CPU
		{6800202F-4402-D405-F8CB-03DC7BD78B92}.Release|Any CPU.ActiveCfg = Release|Any CPU
		{6800202F-4402-D405-F8CB-03DC7BD78B92}.Release|Any CPU.Build.0 = Release|Any CPU
	EndGlobalSection
	GlobalSection(SolutionProperties) = preSolution
		HideSolutionNode = FALSE
	EndGlobalSection
EndGlobal
